// !$*UTF8*$!
{
	archiveVersion = 1;
	classes = {
	};
	objectVersion = 55;
	objects = {

/* Begin PBXBuildFile section */
		04685CE827EAF83E00643792 /* SwiftfulCryptoApp.swift in Sources */ = {isa = PBXBuildFile; fileRef = 04685CE727EAF83E00643792 /* SwiftfulCryptoApp.swift */; };
		04685CEA27EAF83E00643792 /* ContentView.swift in Sources */ = {isa = PBXBuildFile; fileRef = 04685CE927EAF83E00643792 /* ContentView.swift */; };
		04685CEF27EAF84500643792 /* Preview Assets.xcassets in Resources */ = {isa = PBXBuildFile; fileRef = 04685CEE27EAF84500643792 /* Preview Assets.xcassets */; };
		04685CF627EAF86B00643792 /* Assets.xcassets in Resources */ = {isa = PBXBuildFile; fileRef = 04685CF527EAF86B00643792 /* Assets.xcassets */; };
		04685CF927EAFAEB00643792 /* Color.swift in Sources */ = {isa = PBXBuildFile; fileRef = 04685CF827EAFAEB00643792 /* Color.swift */; };
		04685CFF27EB2FC400643792 /* HomeView.swift in Sources */ = {isa = PBXBuildFile; fileRef = 04685CFE27EB2FC400643792 /* HomeView.swift */; };
		04685D0327EB30CB00643792 /* CircleButtonView.swift in Sources */ = {isa = PBXBuildFile; fileRef = 04685D0227EB30CB00643792 /* CircleButtonView.swift */; };
		04685D0527EB382B00643792 /* CircleButtonAnimationView.swift in Sources */ = {isa = PBXBuildFile; fileRef = 04685D0427EB382B00643792 /* CircleButtonAnimationView.swift */; };
		04685D0827EB3C9F00643792 /* CoinModel.swift in Sources */ = {isa = PBXBuildFile; fileRef = 04685D0727EB3C9F00643792 /* CoinModel.swift */; };
		04B7A11B27EDE5AE0081C2F3 /* CoinDataService.swift in Sources */ = {isa = PBXBuildFile; fileRef = 04B7A11A27EDE5AE0081C2F3 /* CoinDataService.swift */; };
		04B7A11E27EEF7650081C2F3 /* NetworkingManager.swift in Sources */ = {isa = PBXBuildFile; fileRef = 04B7A11D27EEF7650081C2F3 /* NetworkingManager.swift */; };
		04B7A12127EF0E170081C2F3 /* CoinImageView.swift in Sources */ = {isa = PBXBuildFile; fileRef = 04B7A12027EF0E170081C2F3 /* CoinImageView.swift */; };
		04B7A12327EF112B0081C2F3 /* CoinImageService.swift in Sources */ = {isa = PBXBuildFile; fileRef = 04B7A12227EF112B0081C2F3 /* CoinImageService.swift */; };
		04B7A12527EF15000081C2F3 /* CoinImageViewModel.swift in Sources */ = {isa = PBXBuildFile; fileRef = 04B7A12427EF15000081C2F3 /* CoinImageViewModel.swift */; };
		04B7A12727EF26A20081C2F3 /* LocalFileManager.swift in Sources */ = {isa = PBXBuildFile; fileRef = 04B7A12627EF26A20081C2F3 /* LocalFileManager.swift */; };
		04C8FA8227EC771E007AC177 /* CoinRowView.swift in Sources */ = {isa = PBXBuildFile; fileRef = 04C8FA8127EC771E007AC177 /* CoinRowView.swift */; };
		04C8FA8427EC77A0007AC177 /* PreviewProvider.swift in Sources */ = {isa = PBXBuildFile; fileRef = 04C8FA8327EC77A0007AC177 /* PreviewProvider.swift */; };
		04C8FA8627EC7C7F007AC177 /* Double.swift in Sources */ = {isa = PBXBuildFile; fileRef = 04C8FA8527EC7C7F007AC177 /* Double.swift */; };
		04C8FA8827ECA349007AC177 /* HomeViewModel.swift in Sources */ = {isa = PBXBuildFile; fileRef = 04C8FA8727ECA349007AC177 /* HomeViewModel.swift */; };
/* End PBXBuildFile section */

/* Begin PBXFileReference section */
		04685CE427EAF83E00643792 /* Crypto Tracker.app */ = {isa = PBXFileReference; explicitFileType = wrapper.application; includeInIndex = 0; path = "Crypto Tracker.app"; sourceTree = BUILT_PRODUCTS_DIR; };
		04685CE727EAF83E00643792 /* SwiftfulCryptoApp.swift */ = {isa = PBXFileReference; lastKnownFileType = sourcecode.swift; path = SwiftfulCryptoApp.swift; sourceTree = "<group>"; };
		04685CE927EAF83E00643792 /* ContentView.swift */ = {isa = PBXFileReference; lastKnownFileType = sourcecode.swift; path = ContentView.swift; sourceTree = "<group>"; };
		04685CEE27EAF84500643792 /* Preview Assets.xcassets */ = {isa = PBXFileReference; lastKnownFileType = folder.assetcatalog; path = "Preview Assets.xcassets"; sourceTree = "<group>"; };
		04685CF527EAF86B00643792 /* Assets.xcassets */ = {isa = PBXFileReference; lastKnownFileType = folder.assetcatalog; name = Assets.xcassets; path = ../../../Downloads/Resources/Assets.xcassets; sourceTree = "<group>"; };
		04685CF827EAFAEB00643792 /* Color.swift */ = {isa = PBXFileReference; lastKnownFileType = sourcecode.swift; path = Color.swift; sourceTree = "<group>"; };
		04685CFE27EB2FC400643792 /* HomeView.swift */ = {isa = PBXFileReference; lastKnownFileType = sourcecode.swift; path = HomeView.swift; sourceTree = "<group>"; };
		04685D0227EB30CB00643792 /* CircleButtonView.swift */ = {isa = PBXFileReference; lastKnownFileType = sourcecode.swift; path = CircleButtonView.swift; sourceTree = "<group>"; };
		04685D0427EB382B00643792 /* CircleButtonAnimationView.swift */ = {isa = PBXFileReference; lastKnownFileType = sourcecode.swift; path = CircleButtonAnimationView.swift; sourceTree = "<group>"; };
		04685D0727EB3C9F00643792 /* CoinModel.swift */ = {isa = PBXFileReference; lastKnownFileType = sourcecode.swift; path = CoinModel.swift; sourceTree = "<group>"; };
		04B7A11A27EDE5AE0081C2F3 /* CoinDataService.swift */ = {isa = PBXFileReference; lastKnownFileType = sourcecode.swift; path = CoinDataService.swift; sourceTree = "<group>"; };
		04B7A11D27EEF7650081C2F3 /* NetworkingManager.swift */ = {isa = PBXFileReference; lastKnownFileType = sourcecode.swift; path = NetworkingManager.swift; sourceTree = "<group>"; };
		04B7A12027EF0E170081C2F3 /* CoinImageView.swift */ = {isa = PBXFileReference; lastKnownFileType = sourcecode.swift; path = CoinImageView.swift; sourceTree = "<group>"; };
		04B7A12227EF112B0081C2F3 /* CoinImageService.swift */ = {isa = PBXFileReference; lastKnownFileType = sourcecode.swift; path = CoinImageService.swift; sourceTree = "<group>"; };
		04B7A12427EF15000081C2F3 /* CoinImageViewModel.swift */ = {isa = PBXFileReference; lastKnownFileType = sourcecode.swift; path = CoinImageViewModel.swift; sourceTree = "<group>"; };
		04B7A12627EF26A20081C2F3 /* LocalFileManager.swift */ = {isa = PBXFileReference; lastKnownFileType = sourcecode.swift; path = LocalFileManager.swift; sourceTree = "<group>"; };
		04C8FA8127EC771E007AC177 /* CoinRowView.swift */ = {isa = PBXFileReference; lastKnownFileType = sourcecode.swift; path = CoinRowView.swift; sourceTree = "<group>"; };
		04C8FA8327EC77A0007AC177 /* PreviewProvider.swift */ = {isa = PBXFileReference; lastKnownFileType = sourcecode.swift; path = PreviewProvider.swift; sourceTree = "<group>"; };
		04C8FA8527EC7C7F007AC177 /* Double.swift */ = {isa = PBXFileReference; lastKnownFileType = sourcecode.swift; path = Double.swift; sourceTree = "<group>"; };
		04C8FA8727ECA349007AC177 /* HomeViewModel.swift */ = {isa = PBXFileReference; lastKnownFileType = sourcecode.swift; path = HomeViewModel.swift; sourceTree = "<group>"; };
/* End PBXFileReference section */

/* Begin PBXFrameworksBuildPhase section */
		04685CE127EAF83E00643792 /* Frameworks */ = {
			isa = PBXFrameworksBuildPhase;
			buildActionMask = 2147483647;
			files = (
			);
			runOnlyForDeploymentPostprocessing = 0;
		};
/* End PBXFrameworksBuildPhase section */

/* Begin PBXGroup section */
		04685CDB27EAF83E00643792 = {
			isa = PBXGroup;
			children = (
				04685CE627EAF83E00643792 /* SwiftfulCrypto */,
				04685CE527EAF83E00643792 /* Products */,
			);
			sourceTree = "<group>";
		};
		04685CE527EAF83E00643792 /* Products */ = {
			isa = PBXGroup;
			children = (
				04685CE427EAF83E00643792 /* Crypto Tracker.app */,
			);
			name = Products;
			sourceTree = "<group>";
		};
		04685CE627EAF83E00643792 /* SwiftfulCrypto */ = {
			isa = PBXGroup;
			children = (
				04B7A11C27EEF6B60081C2F3 /* Utilities */,
				04685CF727EAFACD00643792 /* Extensions */,
				04B7A11927EDE5660081C2F3 /* Services */,
				04685D0627EB3C7B00643792 /* Models */,
				04685CFA27EB2F8700643792 /* Core */,
				04685CE727EAF83E00643792 /* SwiftfulCryptoApp.swift */,
				04685CE927EAF83E00643792 /* ContentView.swift */,
				04685CF527EAF86B00643792 /* Assets.xcassets */,
				04685CED27EAF84500643792 /* Preview Content */,
			);
			path = SwiftfulCrypto;
			sourceTree = "<group>";
		};
		04685CED27EAF84500643792 /* Preview Content */ = {
			isa = PBXGroup;
			children = (
				04685CEE27EAF84500643792 /* Preview Assets.xcassets */,
			);
			path = "Preview Content";
			sourceTree = "<group>";
		};
		04685CF727EAFACD00643792 /* Extensions */ = {
			isa = PBXGroup;
			children = (
				04685CF827EAFAEB00643792 /* Color.swift */,
				04C8FA8327EC77A0007AC177 /* PreviewProvider.swift */,
				04C8FA8527EC7C7F007AC177 /* Double.swift */,
			);
			path = Extensions;
			sourceTree = "<group>";
		};
		04685CFA27EB2F8700643792 /* Core */ = {
			isa = PBXGroup;
			children = (
				04685D0027EB309F00643792 /* Components */,
				04685CFB27EB2F9100643792 /* Home */,
			);
			path = Core;
			sourceTree = "<group>";
		};
		04685CFB27EB2F9100643792 /* Home */ = {
			isa = PBXGroup;
			children = (
				04685CFC27EB2F9F00643792 /* Views */,
				04685CFD27EB2FA900643792 /* ViewModels */,
			);
			path = Home;
			sourceTree = "<group>";
		};
		04685CFC27EB2F9F00643792 /* Views */ = {
			isa = PBXGroup;
			children = (
				04685CFE27EB2FC400643792 /* HomeView.swift */,
				04C8FA8127EC771E007AC177 /* CoinRowView.swift */,
			);
			path = Views;
			sourceTree = "<group>";
		};
		04685CFD27EB2FA900643792 /* ViewModels */ = {
			isa = PBXGroup;
			children = (
				04C8FA8727ECA349007AC177 /* HomeViewModel.swift */,
			);
			path = ViewModels;
			sourceTree = "<group>";
		};
		04685D0027EB309F00643792 /* Components */ = {
			isa = PBXGroup;
			children = (
				04B7A11F27EF0DFE0081C2F3 /* CoinImage */,
				04685D0127EB30BA00643792 /* CircleButton */,
			);
			path = Components;
			sourceTree = "<group>";
		};
		04685D0127EB30BA00643792 /* CircleButton */ = {
			isa = PBXGroup;
			children = (
				04685D0227EB30CB00643792 /* CircleButtonView.swift */,
				04685D0427EB382B00643792 /* CircleButtonAnimationView.swift */,
			);
			path = CircleButton;
			sourceTree = "<group>";
		};
		04685D0627EB3C7B00643792 /* Models */ = {
			isa = PBXGroup;
			children = (
				04685D0727EB3C9F00643792 /* CoinModel.swift */,
			);
			path = Models;
			sourceTree = "<group>";
		};
		04B7A11927EDE5660081C2F3 /* Services */ = {
			isa = PBXGroup;
			children = (
				04B7A11A27EDE5AE0081C2F3 /* CoinDataService.swift */,
				04B7A12227EF112B0081C2F3 /* CoinImageService.swift */,
			);
			path = Services;
			sourceTree = "<group>";
		};
		04B7A11C27EEF6B60081C2F3 /* Utilities */ = {
			isa = PBXGroup;
			children = (
				04B7A11D27EEF7650081C2F3 /* NetworkingManager.swift */,
				04B7A12627EF26A20081C2F3 /* LocalFileManager.swift */,
			);
			path = Utilities;
			sourceTree = "<group>";
		};
		04B7A11F27EF0DFE0081C2F3 /* CoinImage */ = {
			isa = PBXGroup;
			children = (
				04B7A12027EF0E170081C2F3 /* CoinImageView.swift */,
				04B7A12427EF15000081C2F3 /* CoinImageViewModel.swift */,
			);
			path = CoinImage;
			sourceTree = "<group>";
		};
/* End PBXGroup section */

/* Begin PBXNativeTarget section */
		04685CE327EAF83E00643792 /* SwiftfulCrypto */ = {
			isa = PBXNativeTarget;
			buildConfigurationList = 04685CF227EAF84500643792 /* Build configuration list for PBXNativeTarget "SwiftfulCrypto" */;
			buildPhases = (
				04685CE027EAF83E00643792 /* Sources */,
				04685CE127EAF83E00643792 /* Frameworks */,
				04685CE227EAF83E00643792 /* Resources */,
			);
			buildRules = (
			);
			dependencies = (
			);
			name = SwiftfulCrypto;
			productName = SwiftfulCrypto;
			productReference = 04685CE427EAF83E00643792 /* Crypto Tracker.app */;
			productType = "com.apple.product-type.application";
		};
/* End PBXNativeTarget section */

/* Begin PBXProject section */
		04685CDC27EAF83E00643792 /* Project object */ = {
			isa = PBXProject;
			attributes = {
				BuildIndependentTargetsInParallel = 1;
				LastSwiftUpdateCheck = 1300;
				LastUpgradeCheck = 1300;
				TargetAttributes = {
					04685CE327EAF83E00643792 = {
						CreatedOnToolsVersion = 13.0;
					};
				};
			};
			buildConfigurationList = 04685CDF27EAF83E00643792 /* Build configuration list for PBXProject "SwiftfulCrypto" */;
			compatibilityVersion = "Xcode 13.0";
			developmentRegion = en;
			hasScannedForEncodings = 0;
			knownRegions = (
				en,
				Base,
			);
			mainGroup = 04685CDB27EAF83E00643792;
			productRefGroup = 04685CE527EAF83E00643792 /* Products */;
			projectDirPath = "";
			projectRoot = "";
			targets = (
				04685CE327EAF83E00643792 /* SwiftfulCrypto */,
			);
		};
/* End PBXProject section */

/* Begin PBXResourcesBuildPhase section */
		04685CE227EAF83E00643792 /* Resources */ = {
			isa = PBXResourcesBuildPhase;
			buildActionMask = 2147483647;
			files = (
				04685CEF27EAF84500643792 /* Preview Assets.xcassets in Resources */,
				04685CF627EAF86B00643792 /* Assets.xcassets in Resources */,
			);
			runOnlyForDeploymentPostprocessing = 0;
		};
/* End PBXResourcesBuildPhase section */

/* Begin PBXSourcesBuildPhase section */
		04685CE027EAF83E00643792 /* Sources */ = {
			isa = PBXSourcesBuildPhase;
			buildActionMask = 2147483647;
			files = (
				04B7A11B27EDE5AE0081C2F3 /* CoinDataService.swift in Sources */,
				04C8FA8227EC771E007AC177 /* CoinRowView.swift in Sources */,
				04C8FA8827ECA349007AC177 /* HomeViewModel.swift in Sources */,
				04685CEA27EAF83E00643792 /* ContentView.swift in Sources */,
				04B7A12727EF26A20081C2F3 /* LocalFileManager.swift in Sources */,
				04685CFF27EB2FC400643792 /* HomeView.swift in Sources */,
				04B7A12127EF0E170081C2F3 /* CoinImageView.swift in Sources */,
				04685CE827EAF83E00643792 /* SwiftfulCryptoApp.swift in Sources */,
				04685D0327EB30CB00643792 /* CircleButtonView.swift in Sources */,
				04685CF927EAFAEB00643792 /* Color.swift in Sources */,
				04B7A11E27EEF7650081C2F3 /* NetworkingManager.swift in Sources */,
				04685D0527EB382B00643792 /* CircleButtonAnimationView.swift in Sources */,
				04B7A12527EF15000081C2F3 /* CoinImageViewModel.swift in Sources */,
				04C8FA8427EC77A0007AC177 /* PreviewProvider.swift in Sources */,
				04C8FA8627EC7C7F007AC177 /* Double.swift in Sources */,
				04B7A12327EF112B0081C2F3 /* CoinImageService.swift in Sources */,
				04685D0827EB3C9F00643792 /* CoinModel.swift in Sources */,
			);
			runOnlyForDeploymentPostprocessing = 0;
		};
/* End PBXSourcesBuildPhase section */

/* Begin XCBuildConfiguration section */
		04685CF027EAF84500643792 /* Debug */ = {
			isa = XCBuildConfiguration;
			buildSettings = {
				ALWAYS_SEARCH_USER_PATHS = NO;
				CLANG_ANALYZER_NONNULL = YES;
				CLANG_ANALYZER_NUMBER_OBJECT_CONVERSION = YES_AGGRESSIVE;
				CLANG_CXX_LANGUAGE_STANDARD = "gnu++17";
				CLANG_CXX_LIBRARY = "libc++";
				CLANG_ENABLE_MODULES = YES;
				CLANG_ENABLE_OBJC_ARC = YES;
				CLANG_ENABLE_OBJC_WEAK = YES;
				CLANG_WARN_BLOCK_CAPTURE_AUTORELEASING = YES;
				CLANG_WARN_BOOL_CONVERSION = YES;
				CLANG_WARN_COMMA = YES;
				CLANG_WARN_CONSTANT_CONVERSION = YES;
				CLANG_WARN_DEPRECATED_OBJC_IMPLEMENTATIONS = YES;
				CLANG_WARN_DIRECT_OBJC_ISA_USAGE = YES_ERROR;
				CLANG_WARN_DOCUMENTATION_COMMENTS = YES;
				CLANG_WARN_EMPTY_BODY = YES;
				CLANG_WARN_ENUM_CONVERSION = YES;
				CLANG_WARN_INFINITE_RECURSION = YES;
				CLANG_WARN_INT_CONVERSION = YES;
				CLANG_WARN_NON_LITERAL_NULL_CONVERSION = YES;
				CLANG_WARN_OBJC_IMPLICIT_RETAIN_SELF = YES;
				CLANG_WARN_OBJC_LITERAL_CONVERSION = YES;
				CLANG_WARN_OBJC_ROOT_CLASS = YES_ERROR;
				CLANG_WARN_QUOTED_INCLUDE_IN_FRAMEWORK_HEADER = YES;
				CLANG_WARN_RANGE_LOOP_ANALYSIS = YES;
				CLANG_WARN_STRICT_PROTOTYPES = YES;
				CLANG_WARN_SUSPICIOUS_MOVE = YES;
				CLANG_WARN_UNGUARDED_AVAILABILITY = YES_AGGRESSIVE;
				CLANG_WARN_UNREACHABLE_CODE = YES;
				CLANG_WARN__DUPLICATE_METHOD_MATCH = YES;
				COPY_PHASE_STRIP = NO;
				DEBUG_INFORMATION_FORMAT = dwarf;
				ENABLE_STRICT_OBJC_MSGSEND = YES;
				ENABLE_TESTABILITY = YES;
				GCC_C_LANGUAGE_STANDARD = gnu11;
				GCC_DYNAMIC_NO_PIC = NO;
				GCC_NO_COMMON_BLOCKS = YES;
				GCC_OPTIMIZATION_LEVEL = 0;
				GCC_PREPROCESSOR_DEFINITIONS = (
					"DEBUG=1",
					"$(inherited)",
				);
				GCC_WARN_64_TO_32_BIT_CONVERSION = YES;
				GCC_WARN_ABOUT_RETURN_TYPE = YES_ERROR;
				GCC_WARN_UNDECLARED_SELECTOR = YES;
				GCC_WARN_UNINITIALIZED_AUTOS = YES_AGGRESSIVE;
				GCC_WARN_UNUSED_FUNCTION = YES;
				GCC_WARN_UNUSED_VARIABLE = YES;
				IPHONEOS_DEPLOYMENT_TARGET = 15.0;
				MTL_ENABLE_DEBUG_INFO = INCLUDE_SOURCE;
				MTL_FAST_MATH = YES;
				ONLY_ACTIVE_ARCH = YES;
				SDKROOT = iphoneos;
				SWIFT_ACTIVE_COMPILATION_CONDITIONS = DEBUG;
				SWIFT_OPTIMIZATION_LEVEL = "-Onone";
			};
			name = Debug;
		};
		04685CF127EAF84500643792 /* Release */ = {
			isa = XCBuildConfiguration;
			buildSettings = {
				ALWAYS_SEARCH_USER_PATHS = NO;
				CLANG_ANALYZER_NONNULL = YES;
				CLANG_ANALYZER_NUMBER_OBJECT_CONVERSION = YES_AGGRESSIVE;
				CLANG_CXX_LANGUAGE_STANDARD = "gnu++17";
				CLANG_CXX_LIBRARY = "libc++";
				CLANG_ENABLE_MODULES = YES;
				CLANG_ENABLE_OBJC_ARC = YES;
				CLANG_ENABLE_OBJC_WEAK = YES;
				CLANG_WARN_BLOCK_CAPTURE_AUTORELEASING = YES;
				CLANG_WARN_BOOL_CONVERSION = YES;
				CLANG_WARN_COMMA = YES;
				CLANG_WARN_CONSTANT_CONVERSION = YES;
				CLANG_WARN_DEPRECATED_OBJC_IMPLEMENTATIONS = YES;
				CLANG_WARN_DIRECT_OBJC_ISA_USAGE = YES_ERROR;
				CLANG_WARN_DOCUMENTATION_COMMENTS = YES;
				CLANG_WARN_EMPTY_BODY = YES;
				CLANG_WARN_ENUM_CONVERSION = YES;
				CLANG_WARN_INFINITE_RECURSION = YES;
				CLANG_WARN_INT_CONVERSION = YES;
				CLANG_WARN_NON_LITERAL_NULL_CONVERSION = YES;
				CLANG_WARN_OBJC_IMPLICIT_RETAIN_SELF = YES;
				CLANG_WARN_OBJC_LITERAL_CONVERSION = YES;
				CLANG_WARN_OBJC_ROOT_CLASS = YES_ERROR;
				CLANG_WARN_QUOTED_INCLUDE_IN_FRAMEWORK_HEADER = YES;
				CLANG_WARN_RANGE_LOOP_ANALYSIS = YES;
				CLANG_WARN_STRICT_PROTOTYPES = YES;
				CLANG_WARN_SUSPICIOUS_MOVE = YES;
				CLANG_WARN_UNGUARDED_AVAILABILITY = YES_AGGRESSIVE;
				CLANG_WARN_UNREACHABLE_CODE = YES;
				CLANG_WARN__DUPLICATE_METHOD_MATCH = YES;
				COPY_PHASE_STRIP = NO;
				DEBUG_INFORMATION_FORMAT = "dwarf-with-dsym";
				ENABLE_NS_ASSERTIONS = NO;
				ENABLE_STRICT_OBJC_MSGSEND = YES;
				GCC_C_LANGUAGE_STANDARD = gnu11;
				GCC_NO_COMMON_BLOCKS = YES;
				GCC_WARN_64_TO_32_BIT_CONVERSION = YES;
				GCC_WARN_ABOUT_RETURN_TYPE = YES_ERROR;
				GCC_WARN_UNDECLARED_SELECTOR = YES;
				GCC_WARN_UNINITIALIZED_AUTOS = YES_AGGRESSIVE;
				GCC_WARN_UNUSED_FUNCTION = YES;
				GCC_WARN_UNUSED_VARIABLE = YES;
				IPHONEOS_DEPLOYMENT_TARGET = 15.0;
				MTL_ENABLE_DEBUG_INFO = NO;
				MTL_FAST_MATH = YES;
				SDKROOT = iphoneos;
				SWIFT_COMPILATION_MODE = wholemodule;
				SWIFT_OPTIMIZATION_LEVEL = "-O";
				VALIDATE_PRODUCT = YES;
			};
			name = Release;
		};
		04685CF327EAF84500643792 /* Debug */ = {
			isa = XCBuildConfiguration;
			buildSettings = {
				ASSETCATALOG_COMPILER_APPICON_NAME = AppIcon;
				ASSETCATALOG_COMPILER_GLOBAL_ACCENT_COLOR_NAME = AccentColor;
				CODE_SIGN_STYLE = Automatic;
				CURRENT_PROJECT_VERSION = 1;
				DEVELOPMENT_ASSET_PATHS = "\"SwiftfulCrypto/Preview Content\"";
				DEVELOPMENT_TEAM = YHZVJQ792Q;
				ENABLE_PREVIEWS = YES;
				GENERATE_INFOPLIST_FILE = YES;
				INFOPLIST_KEY_UIApplicationSceneManifest_Generation = YES;
				INFOPLIST_KEY_UIApplicationSupportsIndirectInputEvents = YES;
				INFOPLIST_KEY_UILaunchScreen_Generation = YES;
				INFOPLIST_KEY_UISupportedInterfaceOrientations_iPad = "UIInterfaceOrientationPortrait UIInterfaceOrientationPortraitUpsideDown UIInterfaceOrientationLandscapeLeft UIInterfaceOrientationLandscapeRight";
				INFOPLIST_KEY_UISupportedInterfaceOrientations_iPhone = UIInterfaceOrientationPortrait;
				IPHONEOS_DEPLOYMENT_TARGET = 14.0;
				LD_RUNPATH_SEARCH_PATHS = (
					"$(inherited)",
					"@executable_path/Frameworks",
				);
				MARKETING_VERSION = 1.0;
				PRODUCT_BUNDLE_IDENTIFIER = com.blacenova.SwiftfulCrypto;
				PRODUCT_NAME = "Crypto Tracker";
				SWIFT_EMIT_LOC_STRINGS = YES;
				SWIFT_VERSION = 5.0;
				TARGETED_DEVICE_FAMILY = "1,2";
			};
			name = Debug;
		};
		04685CF427EAF84500643792 /* Release */ = {
			isa = XCBuildConfiguration;
			buildSettings = {
				ASSETCATALOG_COMPILER_APPICON_NAME = AppIcon;
				ASSETCATALOG_COMPILER_GLOBAL_ACCENT_COLOR_NAME = AccentColor;
				CODE_SIGN_STYLE = Automatic;
				CURRENT_PROJECT_VERSION = 1;
				DEVELOPMENT_ASSET_PATHS = "\"SwiftfulCrypto/Preview Content\"";
				DEVELOPMENT_TEAM = YHZVJQ792Q;
				ENABLE_PREVIEWS = YES;
				GENERATE_INFOPLIST_FILE = YES;
				INFOPLIST_KEY_UIApplicationSceneManifest_Generation = YES;
				INFOPLIST_KEY_UIApplicationSupportsIndirectInputEvents = YES;
				INFOPLIST_KEY_UILaunchScreen_Generation = YES;
				INFOPLIST_KEY_UISupportedInterfaceOrientations_iPad = "UIInterfaceOrientationPortrait UIInterfaceOrientationPortraitUpsideDown UIInterfaceOrientationLandscapeLeft UIInterfaceOrientationLandscapeRight";
				INFOPLIST_KEY_UISupportedInterfaceOrientations_iPhone = UIInterfaceOrientationPortrait;
				IPHONEOS_DEPLOYMENT_TARGET = 14.0;
				LD_RUNPATH_SEARCH_PATHS = (
					"$(inherited)",
					"@executable_path/Frameworks",
				);
				MARKETING_VERSION = 1.0;
				PRODUCT_BUNDLE_IDENTIFIER = com.blacenova.SwiftfulCrypto;
				PRODUCT_NAME = "Crypto Tracker";
				SWIFT_EMIT_LOC_STRINGS = YES;
				SWIFT_VERSION = 5.0;
				TARGETED_DEVICE_FAMILY = "1,2";
			};
			name = Release;
		};
/* End XCBuildConfiguration section */

/* Begin XCConfigurationList section */
		04685CDF27EAF83E00643792 /* Build configuration list for PBXProject "SwiftfulCrypto" */ = {
			isa = XCConfigurationList;
			buildConfigurations = (
				04685CF027EAF84500643792 /* Debug */,
				04685CF127EAF84500643792 /* Release */,
			);
			defaultConfigurationIsVisible = 0;
			defaultConfigurationName = Release;
		};
		04685CF227EAF84500643792 /* Build configuration list for PBXNativeTarget "SwiftfulCrypto" */ = {
			isa = XCConfigurationList;
			buildConfigurations = (
				04685CF327EAF84500643792 /* Debug */,
				04685CF427EAF84500643792 /* Release */,
			);
			defaultConfigurationIsVisible = 0;
			defaultConfigurationName = Release;
		};
/* End XCConfigurationList section */
	};
	rootObject = 04685CDC27EAF83E00643792 /* Project object */;
}
